
Microsoft Visual Studio Solution File, Format Version 12.00
# Visual Studio Version 17
VisualStudioVersion = 17.9.34607.119
MinimumVisualStudioVersion = 10.0.40219.1
Project("{8BC9CEB8-8B4A-11D0-8D11-00A0C91BC942}") = "Test_C2666", "Test_C2666\Test_C2666.vcxproj", "{38716B28-EBC6-4C19-9F56-A99E6667DC8C}"
EndProject
Project("{8BC9CEB8-8B4A-11D0-8D11-00A0C91BC942}") = "work08-1 形状多态", "work8-1\work8-1.vcxproj", "{FA46D3DD-471E-4CD5-8294-326139C26D42}"
EndProject
Project("{8BC9CEB8-8B4A-11D0-8D11-00A0C91BC942}") = "work08-2 相加接口", "work8-2\work8-2.vcxproj", "{D1571E21-6156-4371-A994-E47460938737}"
EndProject
Project("{8BC9CEB8-8B4A-11D0-8D11-00A0C91BC942}") = "work06-1 世界时钟", "work6-1\work6-1.vcxproj", "{567B2BE2-AAA3-44A2-AAEE-22EC135F81D8}"
EndProject
Project("{8BC9CEB8-8B4A-11D0-8D11-00A0C91BC942}") = "work06-2 闹钟", "work6-2\work6-2.vcxproj", "{8C28B324-31B4-4A01-9479-3B20FB5E9B56}"
EndProject
Project("{8BC9CEB8-8B4A-11D0-8D11-00A0C91BC942}") = "work07-1 学生雇员", "work7-1\work7-1.vcxproj", "{414609AD-9CF6-4C49-80DB-79F005FE3767}"
EndProject
Project("{8BC9CEB8-8B4A-11D0-8D11-00A0C91BC942}") = "work05-2 改成绩", "work5-2\work5-2.vcxproj", "{6CB12C8D-ECA4-41F6-8B1E-0C7B19E51395}"
EndProject
Project("{8BC9CEB8-8B4A-11D0-8D11-00A0C91BC942}") = "work03-1 矩形相交", "work3-1\work3-1.vcxproj", "{17F0467F-3CCE-4BCB-8360-2A1554AC54DA}"
EndProject
Project("{8BC9CEB8-8B4A-11D0-8D11-00A0C91BC942}") = "work05-1 分数类", "work5-1\work5-1.vcxproj", "{FCBAD274-3A91-4DDE-ACE7-8671662F1A95}"
EndProject
Project("{8BC9CEB8-8B4A-11D0-8D11-00A0C91BC942}") = "work04-2 赛博养鱼", "work4-2\work4-2.vcxproj", "{651AF7BF-B3B2-4CE7-895E-1376953EB0EB}"
EndProject
Project("{8BC9CEB8-8B4A-11D0-8D11-00A0C91BC942}") = "work04-1 存钱", "work4-1\work4-1.vcxproj", "{2880E918-6D7D-4733-B9DD-2403967AA0FC}"
EndProject
Project("{8BC9CEB8-8B4A-11D0-8D11-00A0C91BC942}") = "work01-1 三角形", "work1-1\work1-1.vcxproj", "{19D43CF7-08C4-40FE-AB5D-DC8210EA07C8}"
EndProject
Project("{8BC9CEB8-8B4A-11D0-8D11-00A0C91BC942}") = "work02-1 最高成绩", "work2-1\work2-1.vcxproj", "{8C95A089-3905-47D9-AA93-784CE3B580A2}"
EndProject
Project("{8BC9CEB8-8B4A-11D0-8D11-00A0C91BC942}") = "work02-2 深浅拷贝", "work2-2\work2-2.vcxproj", "{1C485C0D-B40E-4F6A-A7FA-2FFEB8B10839}"
EndProject
Project("{8BC9CEB8-8B4A-11D0-8D11-00A0C91BC942}") = "work09-1 人民币", "work9-1\work9-1.vcxproj", "{5153CEBE-D4F2-4150-8DD2-6CC95E6ECF4B}"
EndProject
Project("{8BC9CEB8-8B4A-11D0-8D11-00A0C91BC942}") = "work09-2 我的集合", "work9-2\work9-2.vcxproj", "{4A9C1066-A6DB-485D-BA7D-B2E56FAB0561}"
EndProject
Project("{8BC9CEB8-8B4A-11D0-8D11-00A0C91BC942}") = "Test_nullptr", "Test_nullptr\Test_nullptr.vcxproj", "{94565C81-03A3-49F1-BF0E-F933080EF261}"
EndProject
Project("{8BC9CEB8-8B4A-11D0-8D11-00A0C91BC942}") = "Test_fstream", "Test_fstream\Test_fstream.vcxproj", "{A9ABDC9F-26E8-45F1-BF3B-AB57137C61DE}"
EndProject
Project("{8BC9CEB8-8B4A-11D0-8D11-00A0C91BC942}") = "work10-1", "work10-1\work10-1.vcxproj", "{C1DF4FD4-DE1A-4D04-AA35-3DC10AA54069}"
EndProject
Project("{8BC9CEB8-8B4A-11D0-8D11-00A0C91BC942}") = "work10-2", "work10-2\work10-2.vcxproj", "{7B6E6CD0-D9E5-42B2-A057-15BD0FA61EDC}"
EndProject
Project("{8BC9CEB8-8B4A-11D0-8D11-00A0C91BC942}") = "Test_iostream", "Test_iostream\Test_iostream.vcxproj", "{B8401D98-6A63-4CAE-967F-4169D402001A}"
EndProject
Global
	GlobalSection(SolutionConfigurationPlatforms) = preSolution
		Debug|x64 = Debug|x64
		Debug|x86 = Debug|x86
		Release|x64 = Release|x64
		Release|x86 = Release|x86
	EndGlobalSection
	GlobalSection(ProjectConfigurationPlatforms) = postSolution
		{38716B28-EBC6-4C19-9F56-A99E6667DC8C}.Debug|x64.ActiveCfg = Debug|x64
		{38716B28-EBC6-4C19-9F56-A99E6667DC8C}.Debug|x64.Build.0 = Debug|x64
		{38716B28-EBC6-4C19-9F56-A99E6667DC8C}.Debug|x86.ActiveCfg = Debug|Win32
		{38716B28-EBC6-4C19-9F56-A99E6667DC8C}.Debug|x86.Build.0 = Debug|Win32
		{38716B28-EBC6-4C19-9F56-A99E6667DC8C}.Release|x64.ActiveCfg = Release|x64
		{38716B28-EBC6-4C19-9F56-A99E6667DC8C}.Release|x64.Build.0 = Release|x64
		{38716B28-EBC6-4C19-9F56-A99E6667DC8C}.Release|x86.ActiveCfg = Release|Win32
		{38716B28-EBC6-4C19-9F56-A99E6667DC8C}.Release|x86.Build.0 = Release|Win32
		{FA46D3DD-471E-4CD5-8294-326139C26D42}.Debug|x64.ActiveCfg = Debug|x64
		{FA46D3DD-471E-4CD5-8294-326139C26D42}.Debug|x64.Build.0 = Debug|x64
		{FA46D3DD-471E-4CD5-8294-326139C26D42}.Debug|x86.ActiveCfg = Debug|Win32
		{FA46D3DD-471E-4CD5-8294-326139C26D42}.Debug|x86.Build.0 = Debug|Win32
		{FA46D3DD-471E-4CD5-8294-326139C26D42}.Release|x64.ActiveCfg = Release|x64
		{FA46D3DD-471E-4CD5-8294-326139C26D42}.Release|x64.Build.0 = Release|x64
		{FA46D3DD-471E-4CD5-8294-326139C26D42}.Release|x86.ActiveCfg = Release|Win32
		{FA46D3DD-471E-4CD5-8294-326139C26D42}.Release|x86.Build.0 = Release|Win32
		{D1571E21-6156-4371-A994-E47460938737}.Debug|x64.ActiveCfg = Debug|x64
		{D1571E21-6156-4371-A994-E47460938737}.Debug|x64.Build.0 = Debug|x64
		{D1571E21-6156-4371-A994-E47460938737}.Debug|x86.ActiveCfg = Debug|Win32
		{D1571E21-6156-4371-A994-E47460938737}.Debug|x86.Build.0 = Debug|Win32
		{D1571E21-6156-4371-A994-E47460938737}.Release|x64.ActiveCfg = Release|x64
		{D1571E21-6156-4371-A994-E47460938737}.Release|x64.Build.0 = Release|x64
		{D1571E21-6156-4371-A994-E47460938737}.Release|x86.ActiveCfg = Release|Win32
		{D1571E21-6156-4371-A994-E47460938737}.Release|x86.Build.0 = Release|Win32
		{567B2BE2-AAA3-44A2-AAEE-22EC135F81D8}.Debug|x64.ActiveCfg = Debug|x64
		{567B2BE2-AAA3-44A2-AAEE-22EC135F81D8}.Debug|x64.Build.0 = Debug|x64
		{567B2BE2-AAA3-44A2-AAEE-22EC135F81D8}.Debug|x86.ActiveCfg = Debug|Win32
		{567B2BE2-AAA3-44A2-AAEE-22EC135F81D8}.Debug|x86.Build.0 = Debug|Win32
		{567B2BE2-AAA3-44A2-AAEE-22EC135F81D8}.Release|x64.ActiveCfg = Release|x64
		{567B2BE2-AAA3-44A2-AAEE-22EC135F81D8}.Release|x64.Build.0 = Release|x64
		{567B2BE2-AAA3-44A2-AAEE-22EC135F81D8}.Release|x86.ActiveCfg = Release|Win32
		{567B2BE2-AAA3-44A2-AAEE-22EC135F81D8}.Release|x86.Build.0 = Release|Win32
		{8C28B324-31B4-4A01-9479-3B20FB5E9B56}.Debug|x64.ActiveCfg = Debug|x64
		{8C28B324-31B4-4A01-9479-3B20FB5E9B56}.Debug|x64.Build.0 = Debug|x64
		{8C28B324-31B4-4A01-9479-3B20FB5E9B56}.Debug|x86.ActiveCfg = Debug|Win32
		{8C28B324-31B4-4A01-9479-3B20FB5E9B56}.Debug|x86.Build.0 = Debug|Win32
		{8C28B324-31B4-4A01-9479-3B20FB5E9B56}.Release|x64.ActiveCfg = Release|x64
		{8C28B324-31B4-4A01-9479-3B20FB5E9B56}.Release|x64.Build.0 = Release|x64
		{8C28B324-31B4-4A01-9479-3B20FB5E9B56}.Release|x86.ActiveCfg = Release|Win32
		{8C28B324-31B4-4A01-9479-3B20FB5E9B56}.Release|x86.Build.0 = Release|Win32
		{414609AD-9CF6-4C49-80DB-79F005FE3767}.Debug|x64.ActiveCfg = Debug|x64
		{414609AD-9CF6-4C49-80DB-79F005FE3767}.Debug|x64.Build.0 = Debug|x64
		{414609AD-9CF6-4C49-80DB-79F005FE3767}.Debug|x86.ActiveCfg = Debug|Win32
		{414609AD-9CF6-4C49-80DB-79F005FE3767}.Debug|x86.Build.0 = Debug|Win32
		{414609AD-9CF6-4C49-80DB-79F005FE3767}.Release|x64.ActiveCfg = Release|x64
		{414609AD-9CF6-4C49-80DB-79F005FE3767}.Release|x64.Build.0 = Release|x64
		{414609AD-9CF6-4C49-80DB-79F005FE3767}.Release|x86.ActiveCfg = Release|Win32
		{414609AD-9CF6-4C49-80DB-79F005FE3767}.Release|x86.Build.0 = Release|Win32
		{6CB12C8D-ECA4-41F6-8B1E-0C7B19E51395}.Debug|x64.ActiveCfg = Debug|x64
		{6CB12C8D-ECA4-41F6-8B1E-0C7B19E51395}.Debug|x64.Build.0 = Debug|x64
		{6CB12C8D-ECA4-41F6-8B1E-0C7B19E51395}.Debug|x86.ActiveCfg = Debug|Win32
		{6CB12C8D-ECA4-41F6-8B1E-0C7B19E51395}.Debug|x86.Build.0 = Debug|Win32
		{6CB12C8D-ECA4-41F6-8B1E-0C7B19E51395}.Release|x64.ActiveCfg = Release|x64
		{6CB12C8D-ECA4-41F6-8B1E-0C7B19E51395}.Release|x64.Build.0 = Release|x64
		{6CB12C8D-ECA4-41F6-8B1E-0C7B19E51395}.Release|x86.ActiveCfg = Release|Win32
		{6CB12C8D-ECA4-41F6-8B1E-0C7B19E51395}.Release|x86.Build.0 = Release|Win32
		{17F0467F-3CCE-4BCB-8360-2A1554AC54DA}.Debug|x64.ActiveCfg = Debug|x64
		{17F0467F-3CCE-4BCB-8360-2A1554AC54DA}.Debug|x64.Build.0 = Debug|x64
		{17F0467F-3CCE-4BCB-8360-2A1554AC54DA}.Debug|x86.ActiveCfg = Debug|Win32
		{17F0467F-3CCE-4BCB-8360-2A1554AC54DA}.Debug|x86.Build.0 = Debug|Win32
		{17F0467F-3CCE-4BCB-8360-2A1554AC54DA}.Release|x64.ActiveCfg = Release|x64
		{17F0467F-3CCE-4BCB-8360-2A1554AC54DA}.Release|x64.Build.0 = Release|x64
		{17F0467F-3CCE-4BCB-8360-2A1554AC54DA}.Release|x86.ActiveCfg = Release|Win32
		{17F0467F-3CCE-4BCB-8360-2A1554AC54DA}.Release|x86.Build.0 = Release|Win32
		{FCBAD274-3A91-4DDE-ACE7-8671662F1A95}.Debug|x64.ActiveCfg = Debug|x64
		{FCBAD274-3A91-4DDE-ACE7-8671662F1A95}.Debug|x64.Build.0 = Debug|x64
		{FCBAD274-3A91-4DDE-ACE7-8671662F1A95}.Debug|x86.ActiveCfg = Debug|Win32
		{FCBAD274-3A91-4DDE-ACE7-8671662F1A95}.Debug|x86.Build.0 = Debug|Win32
		{FCBAD274-3A91-4DDE-ACE7-8671662F1A95}.Release|x64.ActiveCfg = Release|x64
		{FCBAD274-3A91-4DDE-ACE7-8671662F1A95}.Release|x64.Build.0 = Release|x64
		{FCBAD274-3A91-4DDE-ACE7-8671662F1A95}.Release|x86.ActiveCfg = Release|Win32
		{FCBAD274-3A91-4DDE-ACE7-8671662F1A95}.Release|x86.Build.0 = Release|Win32
		{651AF7BF-B3B2-4CE7-895E-1376953EB0EB}.Debug|x64.ActiveCfg = Debug|x64
		{651AF7BF-B3B2-4CE7-895E-1376953EB0EB}.Debug|x64.Build.0 = Debug|x64
		{651AF7BF-B3B2-4CE7-895E-1376953EB0EB}.Debug|x86.ActiveCfg = Debug|Win32
		{651AF7BF-B3B2-4CE7-895E-1376953EB0EB}.Debug|x86.Build.0 = Debug|Win32
		{651AF7BF-B3B2-4CE7-895E-1376953EB0EB}.Release|x64.ActiveCfg = Release|x64
		{651AF7BF-B3B2-4CE7-895E-1376953EB0EB}.Release|x64.Build.0 = Release|x64
		{651AF7BF-B3B2-4CE7-895E-1376953EB0EB}.Release|x86.ActiveCfg = Release|Win32
		{651AF7BF-B3B2-4CE7-895E-1376953EB0EB}.Release|x86.Build.0 = Release|Win32
		{2880E918-6D7D-4733-B9DD-2403967AA0FC}.Debug|x64.ActiveCfg = Debug|x64
		{2880E918-6D7D-4733-B9DD-2403967AA0FC}.Debug|x64.Build.0 = Debug|x64
		{2880E918-6D7D-4733-B9DD-2403967AA0FC}.Debug|x86.ActiveCfg = Debug|Win32
		{2880E918-6D7D-4733-B9DD-2403967AA0FC}.Debug|x86.Build.0 = Debug|Win32
		{2880E918-6D7D-4733-B9DD-2403967AA0FC}.Release|x64.ActiveCfg = Release|x64
		{2880E918-6D7D-4733-B9DD-2403967AA0FC}.Release|x64.Build.0 = Release|x64
		{2880E918-6D7D-4733-B9DD-2403967AA0FC}.Release|x86.ActiveCfg = Release|Win32
		{2880E918-6D7D-4733-B9DD-2403967AA0FC}.Release|x86.Build.0 = Release|Win32
		{19D43CF7-08C4-40FE-AB5D-DC8210EA07C8}.Debug|x64.ActiveCfg = Debug|x64
		{19D43CF7-08C4-40FE-AB5D-DC8210EA07C8}.Debug|x64.Build.0 = Debug|x64
		{19D43CF7-08C4-40FE-AB5D-DC8210EA07C8}.Debug|x86.ActiveCfg = Debug|Win32
		{19D43CF7-08C4-40FE-AB5D-DC8210EA07C8}.Debug|x86.Build.0 = Debug|Win32
		{19D43CF7-08C4-40FE-AB5D-DC8210EA07C8}.Release|x64.ActiveCfg = Release|x64
		{19D43CF7-08C4-40FE-AB5D-DC8210EA07C8}.Release|x64.Build.0 = Release|x64
		{19D43CF7-08C4-40FE-AB5D-DC8210EA07C8}.Release|x86.ActiveCfg = Release|Win32
		{19D43CF7-08C4-40FE-AB5D-DC8210EA07C8}.Release|x86.Build.0 = Release|Win32
		{8C95A089-3905-47D9-AA93-784CE3B580A2}.Debug|x64.ActiveCfg = Debug|x64
		{8C95A089-3905-47D9-AA93-784CE3B580A2}.Debug|x64.Build.0 = Debug|x64
		{8C95A089-3905-47D9-AA93-784CE3B580A2}.Debug|x86.ActiveCfg = Debug|Win32
		{8C95A089-3905-47D9-AA93-784CE3B580A2}.Debug|x86.Build.0 = Debug|Win32
		{8C95A089-3905-47D9-AA93-784CE3B580A2}.Release|x64.ActiveCfg = Release|x64
		{8C95A089-3905-47D9-AA93-784CE3B580A2}.Release|x64.Build.0 = Release|x64
		{8C95A089-3905-47D9-AA93-784CE3B580A2}.Release|x86.ActiveCfg = Release|Win32
		{8C95A089-3905-47D9-AA93-784CE3B580A2}.Release|x86.Build.0 = Release|Win32
		{1C485C0D-B40E-4F6A-A7FA-2FFEB8B10839}.Debug|x64.ActiveCfg = Debug|x64
		{1C485C0D-B40E-4F6A-A7FA-2FFEB8B10839}.Debug|x64.Build.0 = Debug|x64
		{1C485C0D-B40E-4F6A-A7FA-2FFEB8B10839}.Debug|x86.ActiveCfg = Debug|Win32
		{1C485C0D-B40E-4F6A-A7FA-2FFEB8B10839}.Debug|x86.Build.0 = Debug|Win32
		{1C485C0D-B40E-4F6A-A7FA-2FFEB8B10839}.Release|x64.ActiveCfg = Release|x64
		{1C485C0D-B40E-4F6A-A7FA-2FFEB8B10839}.Release|x64.Build.0 = Release|x64
		{1C485C0D-B40E-4F6A-A7FA-2FFEB8B10839}.Release|x86.ActiveCfg = Release|Win32
		{1C485C0D-B40E-4F6A-A7FA-2FFEB8B10839}.Release|x86.Build.0 = Release|Win32
		{5153CEBE-D4F2-4150-8DD2-6CC95E6ECF4B}.Debug|x64.ActiveCfg = Debug|x64
		{5153CEBE-D4F2-4150-8DD2-6CC95E6ECF4B}.Debug|x64.Build.0 = Debug|x64
		{5153CEBE-D4F2-4150-8DD2-6CC95E6ECF4B}.Debug|x86.ActiveCfg = Debug|Win32
		{5153CEBE-D4F2-4150-8DD2-6CC95E6ECF4B}.Debug|x86.Build.0 = Debug|Win32
		{5153CEBE-D4F2-4150-8DD2-6CC95E6ECF4B}.Release|x64.ActiveCfg = Release|x64
		{5153CEBE-D4F2-4150-8DD2-6CC95E6ECF4B}.Release|x64.Build.0 = Release|x64
		{5153CEBE-D4F2-4150-8DD2-6CC95E6ECF4B}.Release|x86.ActiveCfg = Release|Win32
		{5153CEBE-D4F2-4150-8DD2-6CC95E6ECF4B}.Release|x86.Build.0 = Release|Win32
		{4A9C1066-A6DB-485D-BA7D-B2E56FAB0561}.Debug|x64.ActiveCfg = Debug|x64
		{4A9C1066-A6DB-485D-BA7D-B2E56FAB0561}.Debug|x64.Build.0 = Debug|x64
		{4A9C1066-A6DB-485D-BA7D-B2E56FAB0561}.Debug|x86.ActiveCfg = Debug|Win32
		{4A9C1066-A6DB-485D-BA7D-B2E56FAB0561}.Debug|x86.Build.0 = Debug|Win32
		{4A9C1066-A6DB-485D-BA7D-B2E56FAB0561}.Release|x64.ActiveCfg = Release|x64
		{4A9C1066-A6DB-485D-BA7D-B2E56FAB0561}.Release|x64.Build.0 = Release|x64
		{4A9C1066-A6DB-485D-BA7D-B2E56FAB0561}.Release|x86.ActiveCfg = Release|Win32
		{4A9C1066-A6DB-485D-BA7D-B2E56FAB0561}.Release|x86.Build.0 = Release|Win32
		{94565C81-03A3-49F1-BF0E-F933080EF261}.Debug|x64.ActiveCfg = Debug|x64
		{94565C81-03A3-49F1-BF0E-F933080EF261}.Debug|x64.Build.0 = Debug|x64
		{94565C81-03A3-49F1-BF0E-F933080EF261}.Debug|x86.ActiveCfg = Debug|Win32
		{94565C81-03A3-49F1-BF0E-F933080EF261}.Debug|x86.Build.0 = Debug|Win32
		{94565C81-03A3-49F1-BF0E-F933080EF261}.Release|x64.ActiveCfg = Release|x64
		{94565C81-03A3-49F1-BF0E-F933080EF261}.Release|x64.Build.0 = Release|x64
		{94565C81-03A3-49F1-BF0E-F933080EF261}.Release|x86.ActiveCfg = Release|Win32
		{94565C81-03A3-49F1-BF0E-F933080EF261}.Release|x86.Build.0 = Release|Win32
		{A9ABDC9F-26E8-45F1-BF3B-AB57137C61DE}.Debug|x64.ActiveCfg = Debug|x64
		{A9ABDC9F-26E8-45F1-BF3B-AB57137C61DE}.Debug|x64.Build.0 = Debug|x64
		{A9ABDC9F-26E8-45F1-BF3B-AB57137C61DE}.Debug|x86.ActiveCfg = Debug|Win32
		{A9ABDC9F-26E8-45F1-BF3B-AB57137C61DE}.Debug|x86.Build.0 = Debug|Win32
		{A9ABDC9F-26E8-45F1-BF3B-AB57137C61DE}.Release|x64.ActiveCfg = Release|x64
		{A9ABDC9F-26E8-45F1-BF3B-AB57137C61DE}.Release|x64.Build.0 = Release|x64
		{A9ABDC9F-26E8-45F1-BF3B-AB57137C61DE}.Release|x86.ActiveCfg = Release|Win32
		{A9ABDC9F-26E8-45F1-BF3B-AB57137C61DE}.Release|x86.Build.0 = Release|Win32
		{C1DF4FD4-DE1A-4D04-AA35-3DC10AA54069}.Debug|x64.ActiveCfg = Debug|x64
		{C1DF4FD4-DE1A-4D04-AA35-3DC10AA54069}.Debug|x64.Build.0 = Debug|x64
		{C1DF4FD4-DE1A-4D04-AA35-3DC10AA54069}.Debug|x86.ActiveCfg = Debug|Win32
		{C1DF4FD4-DE1A-4D04-AA35-3DC10AA54069}.Debug|x86.Build.0 = Debug|Win32
		{C1DF4FD4-DE1A-4D04-AA35-3DC10AA54069}.Release|x64.ActiveCfg = Release|x64
		{C1DF4FD4-DE1A-4D04-AA35-3DC10AA54069}.Release|x64.Build.0 = Release|x64
		{C1DF4FD4-DE1A-4D04-AA35-3DC10AA54069}.Release|x86.ActiveCfg = Release|Win32
		{C1DF4FD4-DE1A-4D04-AA35-3DC10AA54069}.Release|x86.Build.0 = Release|Win32
		{7B6E6CD0-D9E5-42B2-A057-15BD0FA61EDC}.Debug|x64.ActiveCfg = Debug|x64
		{7B6E6CD0-D9E5-42B2-A057-15BD0FA61EDC}.Debug|x64.Build.0 = Debug|x64
		{7B6E6CD0-D9E5-42B2-A057-15BD0FA61EDC}.Debug|x86.ActiveCfg = Debug|Win32
		{7B6E6CD0-D9E5-42B2-A057-15BD0FA61EDC}.Debug|x86.Build.0 = Debug|Win32
		{7B6E6CD0-D9E5-42B2-A057-15BD0FA61EDC}.Release|x64.ActiveCfg = Release|x64
		{7B6E6CD0-D9E5-42B2-A057-15BD0FA61EDC}.Release|x64.Build.0 = Release|x64
		{7B6E6CD0-D9E5-42B2-A057-15BD0FA61EDC}.Release|x86.ActiveCfg = Release|Win32
		{7B6E6CD0-D9E5-42B2-A057-15BD0FA61EDC}.Release|x86.Build.0 = Release|Win32
		{B8401D98-6A63-4CAE-967F-4169D402001A}.Debug|x64.ActiveCfg = Debug|x64
		{B8401D98-6A63-4CAE-967F-4169D402001A}.Debug|x64.Build.0 = Debug|x64
		{B8401D98-6A63-4CAE-967F-4169D402001A}.Debug|x86.ActiveCfg = Debug|Win32
		{B8401D98-6A63-4CAE-967F-4169D402001A}.Debug|x86.Build.0 = Debug|Win32
		{B8401D98-6A63-4CAE-967F-4169D402001A}.Release|x64.ActiveCfg = Release|x64
		{B8401D98-6A63-4CAE-967F-4169D402001A}.Release|x64.Build.0 = Release|x64
		{B8401D98-6A63-4CAE-967F-4169D402001A}.Release|x86.ActiveCfg = Release|Win32
		{B8401D98-6A63-4CAE-967F-4169D402001A}.Release|x86.Build.0 = Release|Win32
	EndGlobalSection
	GlobalSection(SolutionProperties) = preSolution
		HideSolutionNode = FALSE
	EndGlobalSection
	GlobalSection(ExtensibilityGlobals) = postSolution
		SolutionGuid = {5F468F69-69EA-4A18-A5E8-C5695DC10357}
	EndGlobalSection
EndGlobal
